
Microsoft Visual Studio Solution File, Format Version 12.00
# Visual Studio Version 17
VisualStudioVersion = 17.14.36221.1 d17.14
MinimumVisualStudioVersion = 10.0.40219.1
Project("{FAE04EC0-301F-11D3-BF4B-00C04F79EFBC}") = "Single Dimensional Array in Procedural Programming", "Single Dimensional Array in Procedural Programming.csproj", "{3C18269B-78AE-472C-839D-22F9381DD869}"
EndProject
Global
	GlobalSection(SolutionConfigurationPlatforms) = preSolution
		Debug|Any CPU = Debug|Any CPU
		Release|Any CPU = Release|Any CPU
	EndGlobalSection
	GlobalSection(ProjectConfigurationPlatforms) = postSolution
		{3C18269B-78AE-472C-839D-22F9381DD869}.Debug|Any CPU.ActiveCfg = Debug|Any CPU
		{3C18269B-78AE-472C-839D-22F9381DD869}.Debug|Any CPU.Build.0 = Debug|Any CPU
		{3C18269B-78AE-472C-839D-22F9381DD869}.Release|Any CPU.ActiveCfg = Release|Any CPU
		{3C18269B-78AE-472C-839D-22F9381DD869}.Release|Any CPU.Build.0 = Release|Any CPU
	EndGlobalSection
	GlobalSection(SolutionProperties) = preSolution
		HideSolutionNode = FALSE
	EndGlobalSection
	GlobalSection(ExtensibilityGlobals) = postSolution
		SolutionGuid = {25453AF2-BEE8-49E6-B95E-E70752D04B4D}
	EndGlobalSection
EndGlobal
